
Microsoft Visual Studio Solution File, Format Version 12.00
# Visual Studio Version 16
VisualStudioVersion = 16.0.31515.178
MinimumVisualStudioVersion = 10.0.40219.1
Project("{FAE04EC0-301F-11D3-BF4B-00C04F79EFBC}") = "Labs", "Labs\Labs.csproj", "{AE7571F2-8B05-48F5-8909-1FC851781020}"
EndProject
Global
	GlobalSection(SolutionConfigurationPlatforms) = preSolution
		Debug|Any CPU = Debug|Any CPU
		Release|Any CPU = Release|Any CPU
	EndGlobalSection
	GlobalSection(ProjectConfigurationPlatforms) = postSolution
		{AE7571F2-8B05-48F5-8909-1FC851781020}.Debug|Any CPU.ActiveCfg = Debug|Any CPU
		{AE7571F2-8B05-48F5-8909-1FC851781020}.Debug|Any CPU.Build.0 = Debug|Any CPU
		{AE7571F2-8B05-48F5-8909-1FC851781020}.Release|Any CPU.ActiveCfg = Release|Any CPU
		{AE7571F2-8B05-48F5-8909-1FC851781020}.Release|Any CPU.Build.0 = Release|Any CPU
	EndGlobalSection
	GlobalSection(SolutionProperties) = preSolution
		HideSolutionNode = FALSE
	EndGlobalSection
	GlobalSection(ExtensibilityGlobals) = postSolution
		SolutionGuid = {A7BD8A9C-5D3A-4B4A-ADD5-7521DA52F578}
	EndGlobalSection
EndGlobal
